
Microsoft Visual Studio Solution File, Format Version 12.00
# Visual Studio Version 16
VisualStudioVersion = 16.0.31424.327
MinimumVisualStudioVersion = 10.0.40219.1
Project("{FAE04EC0-301F-11D3-BF4B-00C04F79EFBC}") = "JadenCasingStrings", "JadenCasingStrings\JadenCasingStrings.csproj", "{98F494CD-BBAE-4507-93B0-C04B7C806805}"
EndProject
Global
	GlobalSection(SolutionConfigurationPlatforms) = preSolution
		Debug|Any CPU = Debug|Any CPU
		Release|Any CPU = Release|Any CPU
	EndGlobalSection
	GlobalSection(ProjectConfigurationPlatforms) = postSolution
		{98F494CD-BBAE-4507-93B0-C04B7C806805}.Debug|Any CPU.ActiveCfg = Debug|Any CPU
		{98F494CD-BBAE-4507-93B0-C04B7C806805}.Debug|Any CPU.Build.0 = Debug|Any CPU
		{98F494CD-BBAE-4507-93B0-C04B7C806805}.Release|Any CPU.ActiveCfg = Release|Any CPU
		{98F494CD-BBAE-4507-93B0-C04B7C806805}.Release|Any CPU.Build.0 = Release|Any CPU
	EndGlobalSection
	GlobalSection(SolutionProperties) = preSolution
		HideSolutionNode = FALSE
	EndGlobalSection
	GlobalSection(ExtensibilityGlobals) = postSolution
		SolutionGuid = {6FF60405-F967-45AD-A60A-2F89D6A13C5D}
	EndGlobalSection
EndGlobal
