
Microsoft Visual Studio Solution File, Format Version 12.00
# Visual Studio Version 16
VisualStudioVersion = 16.0.31424.327
MinimumVisualStudioVersion = 10.0.40219.1
Project("{FAE04EC0-301F-11D3-BF4B-00C04F79EFBC}") = "NumberOfRectanglesInAGrid", "NumberOfRectanglesInAGrid\NumberOfRectanglesInAGrid.csproj", "{EBE0F40A-2FF0-429A-90EB-88A5B3D25AB9}"
EndProject
Global
	GlobalSection(SolutionConfigurationPlatforms) = preSolution
		Debug|Any CPU = Debug|Any CPU
		Release|Any CPU = Release|Any CPU
	EndGlobalSection
	GlobalSection(ProjectConfigurationPlatforms) = postSolution
		{EBE0F40A-2FF0-429A-90EB-88A5B3D25AB9}.Debug|Any CPU.ActiveCfg = Debug|Any CPU
		{EBE0F40A-2FF0-429A-90EB-88A5B3D25AB9}.Debug|Any CPU.Build.0 = Debug|Any CPU
		{EBE0F40A-2FF0-429A-90EB-88A5B3D25AB9}.Release|Any CPU.ActiveCfg = Release|Any CPU
		{EBE0F40A-2FF0-429A-90EB-88A5B3D25AB9}.Release|Any CPU.Build.0 = Release|Any CPU
	EndGlobalSection
	GlobalSection(SolutionProperties) = preSolution
		HideSolutionNode = FALSE
	EndGlobalSection
	GlobalSection(ExtensibilityGlobals) = postSolution
		SolutionGuid = {0B34FE3A-92E8-47F3-99DA-220D14536977}
	EndGlobalSection
EndGlobal
