
Microsoft Visual Studio Solution File, Format Version 12.00
# Visual Studio Version 16
VisualStudioVersion = 16.0.31424.327
MinimumVisualStudioVersion = 10.0.40219.1
Project("{FAE04EC0-301F-11D3-BF4B-00C04F79EFBC}") = "NoOdditiesHere", "NoOdditiesHere\NoOdditiesHere.csproj", "{3AD7248C-CB0F-4F51-BF26-BF0FFD9B8DCB}"
EndProject
Global
	GlobalSection(SolutionConfigurationPlatforms) = preSolution
		Debug|Any CPU = Debug|Any CPU
		Release|Any CPU = Release|Any CPU
	EndGlobalSection
	GlobalSection(ProjectConfigurationPlatforms) = postSolution
		{3AD7248C-CB0F-4F51-BF26-BF0FFD9B8DCB}.Debug|Any CPU.ActiveCfg = Debug|Any CPU
		{3AD7248C-CB0F-4F51-BF26-BF0FFD9B8DCB}.Debug|Any CPU.Build.0 = Debug|Any CPU
		{3AD7248C-CB0F-4F51-BF26-BF0FFD9B8DCB}.Release|Any CPU.ActiveCfg = Release|Any CPU
		{3AD7248C-CB0F-4F51-BF26-BF0FFD9B8DCB}.Release|Any CPU.Build.0 = Release|Any CPU
	EndGlobalSection
	GlobalSection(SolutionProperties) = preSolution
		HideSolutionNode = FALSE
	EndGlobalSection
	GlobalSection(ExtensibilityGlobals) = postSolution
		SolutionGuid = {5410F9C5-2E42-45DB-9261-9D02F6AFC6B5}
	EndGlobalSection
EndGlobal
