
Microsoft Visual Studio Solution File, Format Version 12.00
# Visual Studio Version 16
VisualStudioVersion = 16.0.31424.327
MinimumVisualStudioVersion = 10.0.40219.1
Project("{FAE04EC0-301F-11D3-BF4B-00C04F79EFBC}") = "Pandemia", "Pandemia\Pandemia.csproj", "{BE72057F-6A78-4B4A-865D-8730450062FE}"
EndProject
Global
	GlobalSection(SolutionConfigurationPlatforms) = preSolution
		Debug|Any CPU = Debug|Any CPU
		Release|Any CPU = Release|Any CPU
	EndGlobalSection
	GlobalSection(ProjectConfigurationPlatforms) = postSolution
		{BE72057F-6A78-4B4A-865D-8730450062FE}.Debug|Any CPU.ActiveCfg = Debug|Any CPU
		{BE72057F-6A78-4B4A-865D-8730450062FE}.Debug|Any CPU.Build.0 = Debug|Any CPU
		{BE72057F-6A78-4B4A-865D-8730450062FE}.Release|Any CPU.ActiveCfg = Release|Any CPU
		{BE72057F-6A78-4B4A-865D-8730450062FE}.Release|Any CPU.Build.0 = Release|Any CPU
	EndGlobalSection
	GlobalSection(SolutionProperties) = preSolution
		HideSolutionNode = FALSE
	EndGlobalSection
	GlobalSection(ExtensibilityGlobals) = postSolution
		SolutionGuid = {DE7E999F-6802-4277-A52A-FBED8E445EF7}
	EndGlobalSection
EndGlobal
