
Microsoft Visual Studio Solution File, Format Version 12.00
# Visual Studio Version 16
VisualStudioVersion = 16.0.31424.327
MinimumVisualStudioVersion = 10.0.40219.1
Project("{FAE04EC0-301F-11D3-BF4B-00C04F79EFBC}") = "GroupedByCommas", "GroupedByCommas\GroupedByCommas.csproj", "{587D914E-A536-400F-9D85-8ABEA1555CBF}"
EndProject
Global
	GlobalSection(SolutionConfigurationPlatforms) = preSolution
		Debug|Any CPU = Debug|Any CPU
		Release|Any CPU = Release|Any CPU
	EndGlobalSection
	GlobalSection(ProjectConfigurationPlatforms) = postSolution
		{587D914E-A536-400F-9D85-8ABEA1555CBF}.Debug|Any CPU.ActiveCfg = Debug|Any CPU
		{587D914E-A536-400F-9D85-8ABEA1555CBF}.Debug|Any CPU.Build.0 = Debug|Any CPU
		{587D914E-A536-400F-9D85-8ABEA1555CBF}.Release|Any CPU.ActiveCfg = Release|Any CPU
		{587D914E-A536-400F-9D85-8ABEA1555CBF}.Release|Any CPU.Build.0 = Release|Any CPU
	EndGlobalSection
	GlobalSection(SolutionProperties) = preSolution
		HideSolutionNode = FALSE
	EndGlobalSection
	GlobalSection(ExtensibilityGlobals) = postSolution
		SolutionGuid = {3271C9DA-F859-4CE6-B488-FC6A3BA4258D}
	EndGlobalSection
EndGlobal
