
Microsoft Visual Studio Solution File, Format Version 12.00
# Visual Studio Version 16
VisualStudioVersion = 16.0.31424.327
MinimumVisualStudioVersion = 10.0.40219.1
Project("{FAE04EC0-301F-11D3-BF4B-00C04F79EFBC}") = "ScalingSquaredStrings", "ScalingSquaredStrings\ScalingSquaredStrings.csproj", "{BC1F0181-2203-400A-BC4E-7EA5C28AF723}"
EndProject
Global
	GlobalSection(SolutionConfigurationPlatforms) = preSolution
		Debug|Any CPU = Debug|Any CPU
		Release|Any CPU = Release|Any CPU
	EndGlobalSection
	GlobalSection(ProjectConfigurationPlatforms) = postSolution
		{BC1F0181-2203-400A-BC4E-7EA5C28AF723}.Debug|Any CPU.ActiveCfg = Debug|Any CPU
		{BC1F0181-2203-400A-BC4E-7EA5C28AF723}.Debug|Any CPU.Build.0 = Debug|Any CPU
		{BC1F0181-2203-400A-BC4E-7EA5C28AF723}.Release|Any CPU.ActiveCfg = Release|Any CPU
		{BC1F0181-2203-400A-BC4E-7EA5C28AF723}.Release|Any CPU.Build.0 = Release|Any CPU
	EndGlobalSection
	GlobalSection(SolutionProperties) = preSolution
		HideSolutionNode = FALSE
	EndGlobalSection
	GlobalSection(ExtensibilityGlobals) = postSolution
		SolutionGuid = {DDB6CB44-CFFC-47C9-A3CB-EEBB30275EE6}
	EndGlobalSection
EndGlobal
