
Microsoft Visual Studio Solution File, Format Version 12.00
# Visual Studio Version 16
VisualStudioVersion = 16.0.31424.327
MinimumVisualStudioVersion = 10.0.40219.1
Project("{FAE04EC0-301F-11D3-BF4B-00C04F79EFBC}") = "BallUpwards", "BallUpwards\BallUpwards.csproj", "{85606C9D-39ED-4A57-B2B5-AA432E4BF69B}"
EndProject
Global
	GlobalSection(SolutionConfigurationPlatforms) = preSolution
		Debug|Any CPU = Debug|Any CPU
		Release|Any CPU = Release|Any CPU
	EndGlobalSection
	GlobalSection(ProjectConfigurationPlatforms) = postSolution
		{85606C9D-39ED-4A57-B2B5-AA432E4BF69B}.Debug|Any CPU.ActiveCfg = Debug|Any CPU
		{85606C9D-39ED-4A57-B2B5-AA432E4BF69B}.Debug|Any CPU.Build.0 = Debug|Any CPU
		{85606C9D-39ED-4A57-B2B5-AA432E4BF69B}.Release|Any CPU.ActiveCfg = Release|Any CPU
		{85606C9D-39ED-4A57-B2B5-AA432E4BF69B}.Release|Any CPU.Build.0 = Release|Any CPU
	EndGlobalSection
	GlobalSection(SolutionProperties) = preSolution
		HideSolutionNode = FALSE
	EndGlobalSection
	GlobalSection(ExtensibilityGlobals) = postSolution
		SolutionGuid = {4C2FE886-6B7C-49AC-89EF-D37133531C44}
	EndGlobalSection
EndGlobal
