
Microsoft Visual Studio Solution File, Format Version 12.00
# Visual Studio Version 16
VisualStudioVersion = 16.0.31424.327
MinimumVisualStudioVersion = 10.0.40219.1
Project("{FAE04EC0-301F-11D3-BF4B-00C04F79EFBC}") = "NthOrderSummation", "NthOrderSummation\NthOrderSummation.csproj", "{61943614-F68F-43E7-83CC-E93D21F20D52}"
EndProject
Global
	GlobalSection(SolutionConfigurationPlatforms) = preSolution
		Debug|Any CPU = Debug|Any CPU
		Release|Any CPU = Release|Any CPU
	EndGlobalSection
	GlobalSection(ProjectConfigurationPlatforms) = postSolution
		{61943614-F68F-43E7-83CC-E93D21F20D52}.Debug|Any CPU.ActiveCfg = Debug|Any CPU
		{61943614-F68F-43E7-83CC-E93D21F20D52}.Debug|Any CPU.Build.0 = Debug|Any CPU
		{61943614-F68F-43E7-83CC-E93D21F20D52}.Release|Any CPU.ActiveCfg = Release|Any CPU
		{61943614-F68F-43E7-83CC-E93D21F20D52}.Release|Any CPU.Build.0 = Release|Any CPU
	EndGlobalSection
	GlobalSection(SolutionProperties) = preSolution
		HideSolutionNode = FALSE
	EndGlobalSection
	GlobalSection(ExtensibilityGlobals) = postSolution
		SolutionGuid = {FA9E8637-6531-4EA3-B35C-0377E8D5D8F8}
	EndGlobalSection
EndGlobal
