
Microsoft Visual Studio Solution File, Format Version 12.00
# Visual Studio Version 16
VisualStudioVersion = 16.0.31424.327
MinimumVisualStudioVersion = 10.0.40219.1
Project("{FAE04EC0-301F-11D3-BF4B-00C04F79EFBC}") = "Factorial", "Factorial\Factorial.csproj", "{0038A4CC-450E-4697-8D60-74FA12AF9945}"
EndProject
Global
	GlobalSection(SolutionConfigurationPlatforms) = preSolution
		Debug|Any CPU = Debug|Any CPU
		Release|Any CPU = Release|Any CPU
	EndGlobalSection
	GlobalSection(ProjectConfigurationPlatforms) = postSolution
		{0038A4CC-450E-4697-8D60-74FA12AF9945}.Debug|Any CPU.ActiveCfg = Debug|Any CPU
		{0038A4CC-450E-4697-8D60-74FA12AF9945}.Debug|Any CPU.Build.0 = Debug|Any CPU
		{0038A4CC-450E-4697-8D60-74FA12AF9945}.Release|Any CPU.ActiveCfg = Release|Any CPU
		{0038A4CC-450E-4697-8D60-74FA12AF9945}.Release|Any CPU.Build.0 = Release|Any CPU
	EndGlobalSection
	GlobalSection(SolutionProperties) = preSolution
		HideSolutionNode = FALSE
	EndGlobalSection
	GlobalSection(ExtensibilityGlobals) = postSolution
		SolutionGuid = {4927DFBD-B055-4589-9B43-44520F6D064A}
	EndGlobalSection
EndGlobal
