
Microsoft Visual Studio Solution File, Format Version 12.00
# Visual Studio Version 16
VisualStudioVersion = 16.0.29926.136
MinimumVisualStudioVersion = 10.0.40219.1
Project("{FAE04EC0-301F-11D3-BF4B-00C04F79EFBC}") = "OddOrEven", "OddOrEven\OddOrEven.csproj", "{9237DE58-A0E6-4837-9246-647C8A141464}"
EndProject
Global
	GlobalSection(SolutionConfigurationPlatforms) = preSolution
		Debug|Any CPU = Debug|Any CPU
		Release|Any CPU = Release|Any CPU
	EndGlobalSection
	GlobalSection(ProjectConfigurationPlatforms) = postSolution
		{9237DE58-A0E6-4837-9246-647C8A141464}.Debug|Any CPU.ActiveCfg = Debug|Any CPU
		{9237DE58-A0E6-4837-9246-647C8A141464}.Debug|Any CPU.Build.0 = Debug|Any CPU
		{9237DE58-A0E6-4837-9246-647C8A141464}.Release|Any CPU.ActiveCfg = Release|Any CPU
		{9237DE58-A0E6-4837-9246-647C8A141464}.Release|Any CPU.Build.0 = Release|Any CPU
	EndGlobalSection
	GlobalSection(SolutionProperties) = preSolution
		HideSolutionNode = FALSE
	EndGlobalSection
	GlobalSection(ExtensibilityGlobals) = postSolution
		SolutionGuid = {4CB85ED6-F67B-4EB6-8DC2-FCB477CC9F98}
	EndGlobalSection
EndGlobal
