
Microsoft Visual Studio Solution File, Format Version 12.00
# Visual Studio Version 16
VisualStudioVersion = 16.0.31424.327
MinimumVisualStudioVersion = 10.0.40219.1
Project("{FAE04EC0-301F-11D3-BF4B-00C04F79EFBC}") = "IntegerDifference", "IntegerDifference\IntegerDifference.csproj", "{30106D6E-474B-4ED1-BF45-312CE77E60EE}"
EndProject
Global
	GlobalSection(SolutionConfigurationPlatforms) = preSolution
		Debug|Any CPU = Debug|Any CPU
		Release|Any CPU = Release|Any CPU
	EndGlobalSection
	GlobalSection(ProjectConfigurationPlatforms) = postSolution
		{30106D6E-474B-4ED1-BF45-312CE77E60EE}.Debug|Any CPU.ActiveCfg = Debug|Any CPU
		{30106D6E-474B-4ED1-BF45-312CE77E60EE}.Debug|Any CPU.Build.0 = Debug|Any CPU
		{30106D6E-474B-4ED1-BF45-312CE77E60EE}.Release|Any CPU.ActiveCfg = Release|Any CPU
		{30106D6E-474B-4ED1-BF45-312CE77E60EE}.Release|Any CPU.Build.0 = Release|Any CPU
	EndGlobalSection
	GlobalSection(SolutionProperties) = preSolution
		HideSolutionNode = FALSE
	EndGlobalSection
	GlobalSection(ExtensibilityGlobals) = postSolution
		SolutionGuid = {7D3F41B9-0497-4372-9BA2-21B979273063}
	EndGlobalSection
EndGlobal
