
Microsoft Visual Studio Solution File, Format Version 12.00
# Visual Studio Version 16
VisualStudioVersion = 16.0.31424.327
MinimumVisualStudioVersion = 10.0.40219.1
Project("{FAE04EC0-301F-11D3-BF4B-00C04F79EFBC}") = "BuildTower", "BuildTower\BuildTower.csproj", "{4BA3382E-CAFF-4FB5-9176-28E8FD6194CE}"
EndProject
Global
	GlobalSection(SolutionConfigurationPlatforms) = preSolution
		Debug|Any CPU = Debug|Any CPU
		Release|Any CPU = Release|Any CPU
	EndGlobalSection
	GlobalSection(ProjectConfigurationPlatforms) = postSolution
		{4BA3382E-CAFF-4FB5-9176-28E8FD6194CE}.Debug|Any CPU.ActiveCfg = Debug|Any CPU
		{4BA3382E-CAFF-4FB5-9176-28E8FD6194CE}.Debug|Any CPU.Build.0 = Debug|Any CPU
		{4BA3382E-CAFF-4FB5-9176-28E8FD6194CE}.Release|Any CPU.ActiveCfg = Release|Any CPU
		{4BA3382E-CAFF-4FB5-9176-28E8FD6194CE}.Release|Any CPU.Build.0 = Release|Any CPU
	EndGlobalSection
	GlobalSection(SolutionProperties) = preSolution
		HideSolutionNode = FALSE
	EndGlobalSection
	GlobalSection(ExtensibilityGlobals) = postSolution
		SolutionGuid = {8A1B6C45-2833-42DA-9A03-70DA04983CFE}
	EndGlobalSection
EndGlobal
