
Microsoft Visual Studio Solution File, Format Version 12.00
# Visual Studio Version 16
VisualStudioVersion = 16.0.31424.327
MinimumVisualStudioVersion = 10.0.40219.1
Project("{FAE04EC0-301F-11D3-BF4B-00C04F79EFBC}") = "PyramidArray", "PyramidArray\PyramidArray.csproj", "{93B06DB4-C7B7-4B44-B8B0-4A9C28AEC44F}"
EndProject
Global
	GlobalSection(SolutionConfigurationPlatforms) = preSolution
		Debug|Any CPU = Debug|Any CPU
		Release|Any CPU = Release|Any CPU
	EndGlobalSection
	GlobalSection(ProjectConfigurationPlatforms) = postSolution
		{93B06DB4-C7B7-4B44-B8B0-4A9C28AEC44F}.Debug|Any CPU.ActiveCfg = Debug|Any CPU
		{93B06DB4-C7B7-4B44-B8B0-4A9C28AEC44F}.Debug|Any CPU.Build.0 = Debug|Any CPU
		{93B06DB4-C7B7-4B44-B8B0-4A9C28AEC44F}.Release|Any CPU.ActiveCfg = Release|Any CPU
		{93B06DB4-C7B7-4B44-B8B0-4A9C28AEC44F}.Release|Any CPU.Build.0 = Release|Any CPU
	EndGlobalSection
	GlobalSection(SolutionProperties) = preSolution
		HideSolutionNode = FALSE
	EndGlobalSection
	GlobalSection(ExtensibilityGlobals) = postSolution
		SolutionGuid = {A4CE646D-A29E-4EA2-89B6-DAA16EFDB4AD}
	EndGlobalSection
EndGlobal
