
Microsoft Visual Studio Solution File, Format Version 12.00
# Visual Studio Version 16
VisualStudioVersion = 16.0.29926.136
MinimumVisualStudioVersion = 10.0.40219.1
Project("{FAE04EC0-301F-11D3-BF4B-00C04F79EFBC}") = "ComplementaryDNA", "ComplementaryDNA\ComplementaryDNA.csproj", "{F9994B70-5DF5-446A-A72C-C30A88CF5CDF}"
EndProject
Global
	GlobalSection(SolutionConfigurationPlatforms) = preSolution
		Debug|Any CPU = Debug|Any CPU
		Release|Any CPU = Release|Any CPU
	EndGlobalSection
	GlobalSection(ProjectConfigurationPlatforms) = postSolution
		{F9994B70-5DF5-446A-A72C-C30A88CF5CDF}.Debug|Any CPU.ActiveCfg = Debug|Any CPU
		{F9994B70-5DF5-446A-A72C-C30A88CF5CDF}.Debug|Any CPU.Build.0 = Debug|Any CPU
		{F9994B70-5DF5-446A-A72C-C30A88CF5CDF}.Release|Any CPU.ActiveCfg = Release|Any CPU
		{F9994B70-5DF5-446A-A72C-C30A88CF5CDF}.Release|Any CPU.Build.0 = Release|Any CPU
	EndGlobalSection
	GlobalSection(SolutionProperties) = preSolution
		HideSolutionNode = FALSE
	EndGlobalSection
	GlobalSection(ExtensibilityGlobals) = postSolution
		SolutionGuid = {1A127E4D-AC5D-48AC-9328-9DC687C70515}
	EndGlobalSection
EndGlobal
