
Microsoft Visual Studio Solution File, Format Version 12.00
# Visual Studio Version 16
VisualStudioVersion = 16.0.31424.327
MinimumVisualStudioVersion = 10.0.40219.1
Project("{FAE04EC0-301F-11D3-BF4B-00C04F79EFBC}") = "SortNumbers", "SortNumbers\SortNumbers.csproj", "{BB0C4F8C-27D8-4E50-9624-372C0008AA85}"
EndProject
Global
	GlobalSection(SolutionConfigurationPlatforms) = preSolution
		Debug|Any CPU = Debug|Any CPU
		Release|Any CPU = Release|Any CPU
	EndGlobalSection
	GlobalSection(ProjectConfigurationPlatforms) = postSolution
		{BB0C4F8C-27D8-4E50-9624-372C0008AA85}.Debug|Any CPU.ActiveCfg = Debug|Any CPU
		{BB0C4F8C-27D8-4E50-9624-372C0008AA85}.Debug|Any CPU.Build.0 = Debug|Any CPU
		{BB0C4F8C-27D8-4E50-9624-372C0008AA85}.Release|Any CPU.ActiveCfg = Release|Any CPU
		{BB0C4F8C-27D8-4E50-9624-372C0008AA85}.Release|Any CPU.Build.0 = Release|Any CPU
	EndGlobalSection
	GlobalSection(SolutionProperties) = preSolution
		HideSolutionNode = FALSE
	EndGlobalSection
	GlobalSection(ExtensibilityGlobals) = postSolution
		SolutionGuid = {85BD2A4C-1D74-4E0E-9DCE-738FEA6AC64F}
	EndGlobalSection
EndGlobal
