
Microsoft Visual Studio Solution File, Format Version 12.00
# Visual Studio Version 16
VisualStudioVersion = 16.0.29926.136
MinimumVisualStudioVersion = 10.0.40219.1
Project("{FAE04EC0-301F-11D3-BF4B-00C04F79EFBC}") = "LastSurvivor", "LastSurvivor\LastSurvivor.csproj", "{39CA86BB-7F83-4068-80FB-3B8BB7595738}"
EndProject
Global
	GlobalSection(SolutionConfigurationPlatforms) = preSolution
		Debug|Any CPU = Debug|Any CPU
		Release|Any CPU = Release|Any CPU
	EndGlobalSection
	GlobalSection(ProjectConfigurationPlatforms) = postSolution
		{39CA86BB-7F83-4068-80FB-3B8BB7595738}.Debug|Any CPU.ActiveCfg = Debug|Any CPU
		{39CA86BB-7F83-4068-80FB-3B8BB7595738}.Debug|Any CPU.Build.0 = Debug|Any CPU
		{39CA86BB-7F83-4068-80FB-3B8BB7595738}.Release|Any CPU.ActiveCfg = Release|Any CPU
		{39CA86BB-7F83-4068-80FB-3B8BB7595738}.Release|Any CPU.Build.0 = Release|Any CPU
	EndGlobalSection
	GlobalSection(SolutionProperties) = preSolution
		HideSolutionNode = FALSE
	EndGlobalSection
	GlobalSection(ExtensibilityGlobals) = postSolution
		SolutionGuid = {F8647CD7-80CC-4776-870B-5C8D7646BC42}
	EndGlobalSection
EndGlobal
