
Microsoft Visual Studio Solution File, Format Version 12.00
# Visual Studio Version 16
VisualStudioVersion = 16.0.31424.327
MinimumVisualStudioVersion = 10.0.40219.1
Project("{FAE04EC0-301F-11D3-BF4B-00C04F79EFBC}") = "CreatePhoneNumber", "ADisguisedSequenceI\CreatePhoneNumber.csproj", "{AAD4B584-3354-4B4B-B54E-F79049AE5CD5}"
EndProject
Global
	GlobalSection(SolutionConfigurationPlatforms) = preSolution
		Debug|Any CPU = Debug|Any CPU
		Release|Any CPU = Release|Any CPU
	EndGlobalSection
	GlobalSection(ProjectConfigurationPlatforms) = postSolution
		{AAD4B584-3354-4B4B-B54E-F79049AE5CD5}.Debug|Any CPU.ActiveCfg = Debug|Any CPU
		{AAD4B584-3354-4B4B-B54E-F79049AE5CD5}.Debug|Any CPU.Build.0 = Debug|Any CPU
		{AAD4B584-3354-4B4B-B54E-F79049AE5CD5}.Release|Any CPU.ActiveCfg = Release|Any CPU
		{AAD4B584-3354-4B4B-B54E-F79049AE5CD5}.Release|Any CPU.Build.0 = Release|Any CPU
	EndGlobalSection
	GlobalSection(SolutionProperties) = preSolution
		HideSolutionNode = FALSE
	EndGlobalSection
	GlobalSection(ExtensibilityGlobals) = postSolution
		SolutionGuid = {48B68D87-754D-4279-ABA0-E8E2FAEFB4DB}
	EndGlobalSection
EndGlobal
