
Microsoft Visual Studio Solution File, Format Version 12.00
# Visual Studio Version 16
VisualStudioVersion = 16.0.31424.327
MinimumVisualStudioVersion = 10.0.40219.1
Project("{FAE04EC0-301F-11D3-BF4B-00C04F79EFBC}") = "TwoToOne", "TwoToOne\TwoToOne.csproj", "{FBC7E2CA-E69B-4D5F-8BBE-8B2114ADCDEA}"
EndProject
Global
	GlobalSection(SolutionConfigurationPlatforms) = preSolution
		Debug|Any CPU = Debug|Any CPU
		Release|Any CPU = Release|Any CPU
	EndGlobalSection
	GlobalSection(ProjectConfigurationPlatforms) = postSolution
		{FBC7E2CA-E69B-4D5F-8BBE-8B2114ADCDEA}.Debug|Any CPU.ActiveCfg = Debug|Any CPU
		{FBC7E2CA-E69B-4D5F-8BBE-8B2114ADCDEA}.Debug|Any CPU.Build.0 = Debug|Any CPU
		{FBC7E2CA-E69B-4D5F-8BBE-8B2114ADCDEA}.Release|Any CPU.ActiveCfg = Release|Any CPU
		{FBC7E2CA-E69B-4D5F-8BBE-8B2114ADCDEA}.Release|Any CPU.Build.0 = Release|Any CPU
	EndGlobalSection
	GlobalSection(SolutionProperties) = preSolution
		HideSolutionNode = FALSE
	EndGlobalSection
	GlobalSection(ExtensibilityGlobals) = postSolution
		SolutionGuid = {A9507E95-A5F4-45F4-B6BD-FDD53E953F97}
	EndGlobalSection
EndGlobal
